
Microsoft Visual Studio Solution File, Format Version 12.00
# Visual Studio 2013
VisualStudioVersion = 12.0.30110.0
MinimumVisualStudioVersion = 10.0.40219.1
Project("{FAE04EC0-301F-11D3-BF4B-00C04F79EFBC}") = "MyWcfPipeTypes", "MyWcfPipeTypes\MyWcfPipeTypes.csproj", "{6C8555CD-E82B-47A3-B193-400F1D967810}"
EndProject
Project("{FAE04EC0-301F-11D3-BF4B-00C04F79EFBC}") = "MyWcfPipeClient", "MyWcfPipeClient\MyWcfPipeClient.csproj", "{B711A8EE-FD64-4C68-9574-429391334786}"
EndProject
Project("{FAE04EC0-301F-11D3-BF4B-00C04F79EFBC}") = "MyWcfPipeServer", "MyWcfPipeServer\MyWcfPipeServer.csproj", "{8D25E66A-3BBA-412E-8204-117CB73EAF99}"
EndProject
Global
	GlobalSection(SolutionConfigurationPlatforms) = preSolution
		Debug|Any CPU = Debug|Any CPU
		Release|Any CPU = Release|Any CPU
	EndGlobalSection
	GlobalSection(ProjectConfigurationPlatforms) = postSolution
		{6C8555CD-E82B-47A3-B193-400F1D967810}.Debug|Any CPU.ActiveCfg = Debug|Any CPU
		{6C8555CD-E82B-47A3-B193-400F1D967810}.Debug|Any CPU.Build.0 = Debug|Any CPU
		{6C8555CD-E82B-47A3-B193-400F1D967810}.Release|Any CPU.ActiveCfg = Release|Any CPU
		{6C8555CD-E82B-47A3-B193-400F1D967810}.Release|Any CPU.Build.0 = Release|Any CPU
		{B711A8EE-FD64-4C68-9574-429391334786}.Debug|Any CPU.ActiveCfg = Debug|Any CPU
		{B711A8EE-FD64-4C68-9574-429391334786}.Debug|Any CPU.Build.0 = Debug|Any CPU
		{B711A8EE-FD64-4C68-9574-429391334786}.Release|Any CPU.ActiveCfg = Release|Any CPU
		{B711A8EE-FD64-4C68-9574-429391334786}.Release|Any CPU.Build.0 = Release|Any CPU
		{8D25E66A-3BBA-412E-8204-117CB73EAF99}.Debug|Any CPU.ActiveCfg = Debug|Any CPU
		{8D25E66A-3BBA-412E-8204-117CB73EAF99}.Debug|Any CPU.Build.0 = Debug|Any CPU
		{8D25E66A-3BBA-412E-8204-117CB73EAF99}.Release|Any CPU.ActiveCfg = Release|Any CPU
		{8D25E66A-3BBA-412E-8204-117CB73EAF99}.Release|Any CPU.Build.0 = Release|Any CPU
	EndGlobalSection
	GlobalSection(SolutionProperties) = preSolution
		HideSolutionNode = FALSE
	EndGlobalSection
EndGlobal
